
Microsoft Visual Studio Solution File, Format Version 12.00
# Visual Studio Version 16
VisualStudioVersion = 16.0.28917.181
MinimumVisualStudioVersion = 10.0.40219.1
Project("{FAE04EC0-301F-11D3-BF4B-00C04F79EFBC}") = "Inhale", "Inhale\Inhale.csproj", "{70ABEDA1-6E59-4FAF-94A3-D8E118AD5B28}"
EndProject
Global
	GlobalSection(SolutionConfigurationPlatforms) = preSolution
		Debug|Any CPU = Debug|Any CPU
		Release|Any CPU = Release|Any CPU
	EndGlobalSection
	GlobalSection(ProjectConfigurationPlatforms) = postSolution
		{70ABEDA1-6E59-4FAF-94A3-D8E118AD5B28}.Debug|Any CPU.ActiveCfg = Debug|Any CPU
		{70ABEDA1-6E59-4FAF-94A3-D8E118AD5B28}.Debug|Any CPU.Build.0 = Debug|Any CPU
		{70ABEDA1-6E59-4FAF-94A3-D8E118AD5B28}.Release|Any CPU.ActiveCfg = Release|Any CPU
		{70ABEDA1-6E59-4FAF-94A3-D8E118AD5B28}.Release|Any CPU.Build.0 = Release|Any CPU
	EndGlobalSection
	GlobalSection(SolutionProperties) = preSolution
		HideSolutionNode = FALSE
	EndGlobalSection
	GlobalSection(ExtensibilityGlobals) = postSolution
		SolutionGuid = {338EA853-8E7E-4FBD-A489-666CFBC66FA3}
	EndGlobalSection
EndGlobal
